// !$*UTF8*$!
{
	archiveVersion = 1;
	classes = {
	};
	objectVersion = 50;
	objects = {

/* Begin PBXBuildFile section */
		4F40BE91244F9A7C0003BEDF /* AppDelegate.swift in Sources */ = {isa = PBXBuildFile; fileRef = 4F40BE90244F9A7C0003BEDF /* AppDelegate.swift */; };
		4F40BE93244F9A7C0003BEDF /* SceneDelegate.swift in Sources */ = {isa = PBXBuildFile; fileRef = 4F40BE92244F9A7C0003BEDF /* SceneDelegate.swift */; };
		4F40BE95244F9A7C0003BEDF /* ViewController.swift in Sources */ = {isa = PBXBuildFile; fileRef = 4F40BE94244F9A7C0003BEDF /* ViewController.swift */; };
		4F40BE98244F9A7C0003BEDF /* Main.storyboard in Resources */ = {isa = PBXBuildFile; fileRef = 4F40BE96244F9A7C0003BEDF /* Main.storyboard */; };
		4F40BE9A244F9A7E0003BEDF /* Assets.xcassets in Resources */ = {isa = PBXBuildFile; fileRef = 4F40BE99244F9A7E0003BEDF /* Assets.xcassets */; };
		4F40BE9D244F9A7E0003BEDF /* LaunchScreen.storyboard in Resources */ = {isa = PBXBuildFile; fileRef = 4F40BE9B244F9A7E0003BEDF /* LaunchScreen.storyboard */; };
		4F40BEA8244F9A7F0003BEDF /* Assignment3Tests.swift in Sources */ = {isa = PBXBuildFile; fileRef = 4F40BEA7244F9A7F0003BEDF /* Assignment3Tests.swift */; };
		4F40BEB3244F9A7F0003BEDF /* Assignment3UITests.swift in Sources */ = {isa = PBXBuildFile; fileRef = 4F40BEB2244F9A7F0003BEDF /* Assignment3UITests.swift */; };
		4FCB93582450F8E00001C1DF /* CustomViewController.swift in Sources */ = {isa = PBXBuildFile; fileRef = 4FCB93572450F8E00001C1DF /* CustomViewController.swift */; };
/* End PBXBuildFile section */

/* Begin PBXContainerItemProxy section */
		4F40BEA4244F9A7F0003BEDF /* PBXContainerItemProxy */ = {
			isa = PBXContainerItemProxy;
			containerPortal = 4F40BE85244F9A7C0003BEDF /* Project object */;
			proxyType = 1;
			remoteGlobalIDString = 4F40BE8C244F9A7C0003BEDF;
			remoteInfo = Assignment3;
		};
		4F40BEAF244F9A7F0003BEDF /* PBXContainerItemProxy */ = {
			isa = PBXContainerItemProxy;
			containerPortal = 4F40BE85244F9A7C0003BEDF /* Project object */;
			proxyType = 1;
			remoteGlobalIDString = 4F40BE8C244F9A7C0003BEDF;
			remoteInfo = Assignment3;
		};
/* End PBXContainerItemProxy section */

/* Begin PBXFileReference section */
		4F40BE8D244F9A7C0003BEDF /* Assignment3.app */ = {isa = PBXFileReference; explicitFileType = wrapper.application; includeInIndex = 0; path = Assignment3.app; sourceTree = BUILT_PRODUCTS_DIR; };
		4F40BE90244F9A7C0003BEDF /* AppDelegate.swift */ = {isa = PBXFileReference; lastKnownFileType = sourcecode.swift; path = AppDelegate.swift; sourceTree = "<group>"; };
		4F40BE92244F9A7C0003BEDF /* SceneDelegate.swift */ = {isa = PBXFileReference; lastKnownFileType = sourcecode.swift; path = SceneDelegate.swift; sourceTree = "<group>"; };
		4F40BE94244F9A7C0003BEDF /* ViewController.swift */ = {isa = PBXFileReference; lastKnownFileType = sourcecode.swift; path = ViewController.swift; sourceTree = "<group>"; };
		4F40BE97244F9A7C0003BEDF /* Base */ = {isa = PBXFileReference; lastKnownFileType = file.storyboard; name = Base; path = Base.lproj/Main.storyboard; sourceTree = "<group>"; };
		4F40BE99244F9A7E0003BEDF /* Assets.xcassets */ = {isa = PBXFileReference; lastKnownFileType = folder.assetcatalog; path = Assets.xcassets; sourceTree = "<group>"; };
		4F40BE9C244F9A7E0003BEDF /* Base */ = {isa = PBXFileReference; lastKnownFileType = file.storyboard; name = Base; path = Base.lproj/LaunchScreen.storyboard; sourceTree = "<group>"; };
		4F40BE9E244F9A7E0003BEDF /* Info.plist */ = {isa = PBXFileReference; lastKnownFileType = text.plist.xml; path = Info.plist; sourceTree = "<group>"; };
		4F40BEA3244F9A7F0003BEDF /* Assignment3Tests.xctest */ = {isa = PBXFileReference; explicitFileType = wrapper.cfbundle; includeInIndex = 0; path = Assignment3Tests.xctest; sourceTree = BUILT_PRODUCTS_DIR; };
		4F40BEA7244F9A7F0003BEDF /* Assignment3Tests.swift */ = {isa = PBXFileReference; lastKnownFileType = sourcecode.swift; path = Assignment3Tests.swift; sourceTree = "<group>"; };
		4F40BEA9244F9A7F0003BEDF /* Info.plist */ = {isa = PBXFileReference; lastKnownFileType = text.plist.xml; path = Info.plist; sourceTree = "<group>"; };
		4F40BEAE244F9A7F0003BEDF /* Assignment3UITests.xctest */ = {isa = PBXFileReference; explicitFileType = wrapper.cfbundle; includeInIndex = 0; path = Assignment3UITests.xctest; sourceTree = BUILT_PRODUCTS_DIR; };
		4F40BEB2244F9A7F0003BEDF /* Assignment3UITests.swift */ = {isa = PBXFileReference; lastKnownFileType = sourcecode.swift; path = Assignment3UITests.swift; sourceTree = "<group>"; };
		4F40BEB4244F9A7F0003BEDF /* Info.plist */ = {isa = PBXFileReference; lastKnownFileType = text.plist.xml; path = Info.plist; sourceTree = "<group>"; };
		4FCB93572450F8E00001C1DF /* CustomViewController.swift */ = {isa = PBXFileReference; lastKnownFileType = sourcecode.swift; path = CustomViewController.swift; sourceTree = "<group>"; };
/* End PBXFileReference section */

/* Begin PBXFrameworksBuildPhase section */
		4F40BE8A244F9A7C0003BEDF /* Frameworks */ = {
			isa = PBXFrameworksBuildPhase;
			buildActionMask = 2147483647;
			files = (
			);
			runOnlyForDeploymentPostprocessing = 0;
		};
		4F40BEA0244F9A7F0003BEDF /* Frameworks */ = {
			isa = PBXFrameworksBuildPhase;
			buildActionMask = 2147483647;
			files = (
			);
			runOnlyForDeploymentPostprocessing = 0;
		};
		4F40BEAB244F9A7F0003BEDF /* Frameworks */ = {
			isa = PBXFrameworksBuildPhase;
			buildActionMask = 2147483647;
			files = (
			);
			runOnlyForDeploymentPostprocessing = 0;
		};
/* End PBXFrameworksBuildPhase section */

/* Begin PBXGroup section */
		4F40BE84244F9A7C0003BEDF = {
			isa = PBXGroup;
			children = (
				4F40BE8F244F9A7C0003BEDF /* Assignment3 */,
				4F40BEA6244F9A7F0003BEDF /* Assignment3Tests */,
				4F40BEB1244F9A7F0003BEDF /* Assignment3UITests */,
				4F40BE8E244F9A7C0003BEDF /* Products */,
			);
			sourceTree = "<group>";
		};
		4F40BE8E244F9A7C0003BEDF /* Products */ = {
			isa = PBXGroup;
			children = (
				4F40BE8D244F9A7C0003BEDF /* Assignment3.app */,
				4F40BEA3244F9A7F0003BEDF /* Assignment3Tests.xctest */,
				4F40BEAE244F9A7F0003BEDF /* Assignment3UITests.xctest */,
			);
			name = Products;
			sourceTree = "<group>";
		};
		4F40BE8F244F9A7C0003BEDF /* Assignment3 */ = {
			isa = PBXGroup;
			children = (
				4F40BE90244F9A7C0003BEDF /* AppDelegate.swift */,
				4F40BE92244F9A7C0003BEDF /* SceneDelegate.swift */,
				4F40BE94244F9A7C0003BEDF /* ViewController.swift */,
				4F40BE96244F9A7C0003BEDF /* Main.storyboard */,
				4F40BE99244F9A7E0003BEDF /* Assets.xcassets */,
				4F40BE9B244F9A7E0003BEDF /* LaunchScreen.storyboard */,
				4F40BE9E244F9A7E0003BEDF /* Info.plist */,
				4FCB93572450F8E00001C1DF /* CustomViewController.swift */,
			);
			path = Assignment3;
			sourceTree = "<group>";
		};
		4F40BEA6244F9A7F0003BEDF /* Assignment3Tests */ = {
			isa = PBXGroup;
			children = (
				4F40BEA7244F9A7F0003BEDF /* Assignment3Tests.swift */,
				4F40BEA9244F9A7F0003BEDF /* Info.plist */,
			);
			path = Assignment3Tests;
			sourceTree = "<group>";
		};
		4F40BEB1244F9A7F0003BEDF /* Assignment3UITests */ = {
			isa = PBXGroup;
			children = (
				4F40BEB2244F9A7F0003BEDF /* Assignment3UITests.swift */,
				4F40BEB4244F9A7F0003BEDF /* Info.plist */,
			);
			path = Assignment3UITests;
			sourceTree = "<group>";
		};
/* End PBXGroup section */

/* Begin PBXNativeTarget section */
		4F40BE8C244F9A7C0003BEDF /* Assignment3 */ = {
			isa = PBXNativeTarget;
			buildConfigurationList = 4F40BEB7244F9A7F0003BEDF /* Build configuration list for PBXNativeTarget "Assignment3" */;
			buildPhases = (
				4F40BE89244F9A7C0003BEDF /* Sources */,
				4F40BE8A244F9A7C0003BEDF /* Frameworks */,
				4F40BE8B244F9A7C0003BEDF /* Resources */,
			);
			buildRules = (
			);
			dependencies = (
			);
			name = Assignment3;
			productName = Assignment3;
			productReference = 4F40BE8D244F9A7C0003BEDF /* Assignment3.app */;
			productType = "com.apple.product-type.application";
		};
		4F40BEA2244F9A7F0003BEDF /* Assignment3Tests */ = {
			isa = PBXNativeTarget;
			buildConfigurationList = 4F40BEBA244F9A7F0003BEDF /* Build configuration list for PBXNativeTarget "Assignment3Tests" */;
			buildPhases = (
				4F40BE9F244F9A7F0003BEDF /* Sources */,
				4F40BEA0244F9A7F0003BEDF /* Frameworks */,
				4F40BEA1244F9A7F0003BEDF /* Resources */,
			);
			buildRules = (
			);
			dependencies = (
				4F40BEA5244F9A7F0003BEDF /* PBXTargetDependency */,
			);
			name = Assignment3Tests;
			productName = Assignment3Tests;
			productReference = 4F40BEA3244F9A7F0003BEDF /* Assignment3Tests.xctest */;
			productType = "com.apple.product-type.bundle.unit-test";
		};
		4F40BEAD244F9A7F0003BEDF /* Assignment3UITests */ = {
			isa = PBXNativeTarget;
			buildConfigurationList = 4F40BEBD244F9A7F0003BEDF /* Build configuration list for PBXNativeTarget "Assignment3UITests" */;
			buildPhases = (
				4F40BEAA244F9A7F0003BEDF /* Sources */,
				4F40BEAB244F9A7F0003BEDF /* Frameworks */,
				4F40BEAC244F9A7F0003BEDF /* Resources */,
			);
			buildRules = (
			);
			dependencies = (
				4F40BEB0244F9A7F0003BEDF /* PBXTargetDependency */,
			);
			name = Assignment3UITests;
			productName = Assignment3UITests;
			productReference = 4F40BEAE244F9A7F0003BEDF /* Assignment3UITests.xctest */;
			productType = "com.apple.product-type.bundle.ui-testing";
		};
/* End PBXNativeTarget section */

/* Begin PBXProject section */
		4F40BE85244F9A7C0003BEDF /* Project object */ = {
			isa = PBXProject;
			attributes = {
				LastSwiftUpdateCheck = 1140;
				LastUpgradeCheck = 1140;
				ORGANIZATIONNAME = Daniel;
				TargetAttributes = {
					4F40BE8C244F9A7C0003BEDF = {
						CreatedOnToolsVersion = 11.4.1;
					};
					4F40BEA2244F9A7F0003BEDF = {
						CreatedOnToolsVersion = 11.4.1;
						TestTargetID = 4F40BE8C244F9A7C0003BEDF;
					};
					4F40BEAD244F9A7F0003BEDF = {
						CreatedOnToolsVersion = 11.4.1;
						TestTargetID = 4F40BE8C244F9A7C0003BEDF;
					};
				};
			};
			buildConfigurationList = 4F40BE88244F9A7C0003BEDF /* Build configuration list for PBXProject "Assignment3" */;
			compatibilityVersion = "Xcode 9.3";
			developmentRegion = en;
			hasScannedForEncodings = 0;
			knownRegions = (
				en,
				Base,
			);
			mainGroup = 4F40BE84244F9A7C0003BEDF;
			productRefGroup = 4F40BE8E244F9A7C0003BEDF /* Products */;
			projectDirPath = "";
			projectRoot = "";
			targets = (
				4F40BE8C244F9A7C0003BEDF /* Assignment3 */,
				4F40BEA2244F9A7F0003BEDF /* Assignment3Tests */,
				4F40BEAD244F9A7F0003BEDF /* Assignment3UITests */,
			);
		};
/* End PBXProject section */

/* Begin PBXResourcesBuildPhase section */
		4F40BE8B244F9A7C0003BEDF /* Resources */ = {
			isa = PBXResourcesBuildPhase;
			buildActionMask = 2147483647;
			files = (
				4F40BE9D244F9A7E0003BEDF /* LaunchScreen.storyboard in Resources */,
				4F40BE9A244F9A7E0003BEDF /* Assets.xcassets in Resources */,
				4F40BE98244F9A7C0003BEDF /* Main.storyboard in Resources */,
			);
			runOnlyForDeploymentPostprocessing = 0;
		};
		4F40BEA1244F9A7F0003BEDF /* Resources */ = {
			isa = PBXResourcesBuildPhase;
			buildActionMask = 2147483647;
			files = (
			);
			runOnlyForDeploymentPostprocessing = 0;
		};
		4F40BEAC244F9A7F0003BEDF /* Resources */ = {
			isa = PBXResourcesBuildPhase;
			buildActionMask = 2147483647;
			files = (
			);
			runOnlyForDeploymentPostprocessing = 0;
		};
/* End PBXResourcesBuildPhase section */

/* Begin PBXSourcesBuildPhase section */
		4F40BE89244F9A7C0003BEDF /* Sources */ = {
			isa = PBXSourcesBuildPhase;
			buildActionMask = 2147483647;
			files = (
				4F40BE95244F9A7C0003BEDF /* ViewController.swift in Sources */,
				4F40BE91244F9A7C0003BEDF /* AppDelegate.swift in Sources */,
				4F40BE93244F9A7C0003BEDF /* SceneDelegate.swift in Sources */,
				4FCB93582450F8E00001C1DF /* CustomViewController.swift in Sources */,
			);
			runOnlyForDeploymentPostprocessing = 0;
		};
		4F40BE9F244F9A7F0003BEDF /* Sources */ = {
			isa = PBXSourcesBuildPhase;
			buildActionMask = 2147483647;
			files = (
				4F40BEA8244F9A7F0003BEDF /* Assignment3Tests.swift in Sources */,
			);
			runOnlyForDeploymentPostprocessing = 0;
		};
		4F40BEAA244F9A7F0003BEDF /* Sources */ = {
			isa = PBXSourcesBuildPhase;
			buildActionMask = 2147483647;
			files = (
				4F40BEB3244F9A7F0003BEDF /* Assignment3UITests.swift in Sources */,
			);
			runOnlyForDeploymentPostprocessing = 0;
		};
/* End PBXSourcesBuildPhase section */

/* Begin PBXTargetDependency section */
		4F40BEA5244F9A7F0003BEDF /* PBXTargetDependency */ = {
			isa = PBXTargetDependency;
			target = 4F40BE8C244F9A7C0003BEDF /* Assignment3 */;
			targetProxy = 4F40BEA4244F9A7F0003BEDF /* PBXContainerItemProxy */;
		};
		4F40BEB0244F9A7F0003BEDF /* PBXTargetDependency */ = {
			isa = PBXTargetDependency;
			target = 4F40BE8C244F9A7C0003BEDF /* Assignment3 */;
			targetProxy = 4F40BEAF244F9A7F0003BEDF /* PBXContainerItemProxy */;
		};
/* End PBXTargetDependency section */

/* Begin PBXVariantGroup section */
		4F40BE96244F9A7C0003BEDF /* Main.storyboard */ = {
			isa = PBXVariantGroup;
			children = (
				4F40BE97244F9A7C0003BEDF /* Base */,
			);
			name = Main.storyboard;
			sourceTree = "<group>";
		};
		4F40BE9B244F9A7E0003BEDF /* LaunchScreen.storyboard */ = {
			isa = PBXVariantGroup;
			children = (
				4F40BE9C244F9A7E0003BEDF /* Base */,
			);
			name = LaunchScreen.storyboard;
			sourceTree = "<group>";
		};
/* End PBXVariantGroup section */

/* Begin XCBuildConfiguration section */
		4F40BEB5244F9A7F0003BEDF /* Debug */ = {
			isa = XCBuildConfiguration;
			buildSettings = {
				ALWAYS_SEARCH_USER_PATHS = NO;
				CLANG_ANALYZER_NONNULL = YES;
				CLANG_ANALYZER_NUMBER_OBJECT_CONVERSION = YES_AGGRESSIVE;
				CLANG_CXX_LANGUAGE_STANDARD = "gnu++14";
				CLANG_CXX_LIBRARY = "libc++";
				CLANG_ENABLE_MODULES = YES;
				CLANG_ENABLE_OBJC_ARC = YES;
				CLANG_ENABLE_OBJC_WEAK = YES;
				CLANG_WARN_BLOCK_CAPTURE_AUTORELEASING = YES;
				CLANG_WARN_BOOL_CONVERSION = YES;
				CLANG_WARN_COMMA = YES;
				CLANG_WARN_CONSTANT_CONVERSION = YES;
				CLANG_WARN_DEPRECATED_OBJC_IMPLEMENTATIONS = YES;
				CLANG_WARN_DIRECT_OBJC_ISA_USAGE = YES_ERROR;
				CLANG_WARN_DOCUMENTATION_COMMENTS = YES;
				CLANG_WARN_EMPTY_BODY = YES;
				CLANG_WARN_ENUM_CONVERSION = YES;
				CLANG_WARN_INFINITE_RECURSION = YES;
				CLANG_WARN_INT_CONVERSION = YES;
				CLANG_WARN_NON_LITERAL_NULL_CONVERSION = YES;
				CLANG_WARN_OBJC_IMPLICIT_RETAIN_SELF = YES;
				CLANG_WARN_OBJC_LITERAL_CONVERSION = YES;
				CLANG_WARN_OBJC_ROOT_CLASS = YES_ERROR;
				CLANG_WARN_RANGE_LOOP_ANALYSIS = YES;
				CLANG_WARN_STRICT_PROTOTYPES = YES;
				CLANG_WARN_SUSPICIOUS_MOVE = YES;
				CLANG_WARN_UNGUARDED_AVAILABILITY = YES_AGGRESSIVE;
				CLANG_WARN_UNREACHABLE_CODE = YES;
				CLANG_WARN__DUPLICATE_METHOD_MATCH = YES;
				COPY_PHASE_STRIP = NO;
				DEBUG_INFORMATION_FORMAT = dwarf;
				ENABLE_STRICT_OBJC_MSGSEND = YES;
				ENABLE_TESTABILITY = YES;
				GCC_C_LANGUAGE_STANDARD = gnu11;
				GCC_DYNAMIC_NO_PIC = NO;
				GCC_NO_COMMON_BLOCKS = YES;
				GCC_OPTIMIZATION_LEVEL = 0;
				GCC_PREPROCESSOR_DEFINITIONS = (
					"DEBUG=1",
					"$(inherited)",
				);
				GCC_WARN_64_TO_32_BIT_CONVERSION = YES;
				GCC_WARN_ABOUT_RETURN_TYPE = YES_ERROR;
				GCC_WARN_UNDECLARED_SELECTOR = YES;
				GCC_WARN_UNINITIALIZED_AUTOS = YES_AGGRESSIVE;
				GCC_WARN_UNUSED_FUNCTION = YES;
				GCC_WARN_UNUSED_VARIABLE = YES;
				IPHONEOS_DEPLOYMENT_TARGET = 13.4;
				MTL_ENABLE_DEBUG_INFO = INCLUDE_SOURCE;
				MTL_FAST_MATH = YES;
				ONLY_ACTIVE_ARCH = YES;
				SDKROOT = iphoneos;
				SWIFT_ACTIVE_COMPILATION_CONDITIONS = DEBUG;
				SWIFT_OPTIMIZATION_LEVEL = "-Onone";
			};
			name = Debug;
		};
		4F40BEB6244F9A7F0003BEDF /* Release */ = {
			isa = XCBuildConfiguration;
			buildSettings = {
				ALWAYS_SEARCH_USER_PATHS = NO;
				CLANG_ANALYZER_NONNULL = YES;
				CLANG_ANALYZER_NUMBER_OBJECT_CONVERSION = YES_AGGRESSIVE;
				CLANG_CXX_LANGUAGE_STANDARD = "gnu++14";
				CLANG_CXX_LIBRARY = "libc++";
				CLANG_ENABLE_MODULES = YES;
				CLANG_ENABLE_OBJC_ARC = YES;
				CLANG_ENABLE_OBJC_WEAK = YES;
				CLANG_WARN_BLOCK_CAPTURE_AUTORELEASING = YES;
				CLANG_WARN_BOOL_CONVERSION = YES;
				CLANG_WARN_COMMA = YES;
				CLANG_WARN_CONSTANT_CONVERSION = YES;
				CLANG_WARN_DEPRECATED_OBJC_IMPLEMENTATIONS = YES;
				CLANG_WARN_DIRECT_OBJC_ISA_USAGE = YES_ERROR;
				CLANG_WARN_DOCUMENTATION_COMMENTS = YES;
				CLANG_WARN_EMPTY_BODY = YES;
				CLANG_WARN_ENUM_CONVERSION = YES;
				CLANG_WARN_INFINITE_RECURSION = YES;
				CLANG_WARN_INT_CONVERSION = YES;
				CLANG_WARN_NON_LITERAL_NULL_CONVERSION = YES;
				CLANG_WARN_OBJC_IMPLICIT_RETAIN_SELF = YES;
				CLANG_WARN_OBJC_LITERAL_CONVERSION = YES;
				CLANG_WARN_OBJC_ROOT_CLASS = YES_ERROR;
				CLANG_WARN_RANGE_LOOP_ANALYSIS = YES;
				CLANG_WARN_STRICT_PROTOTYPES = YES;
				CLANG_WARN_SUSPICIOUS_MOVE = YES;
				CLANG_WARN_UNGUARDED_AVAILABILITY = YES_AGGRESSIVE;
				CLANG_WARN_UNREACHABLE_CODE = YES;
				CLANG_WARN__DUPLICATE_METHOD_MATCH = YES;
				COPY_PHASE_STRIP = NO;
				DEBUG_INFORMATION_FORMAT = "dwarf-with-dsym";
				ENABLE_NS_ASSERTIONS = NO;
				ENABLE_STRICT_OBJC_MSGSEND = YES;
				GCC_C_LANGUAGE_STANDARD = gnu11;
				GCC_NO_COMMON_BLOCKS = YES;
				GCC_WARN_64_TO_32_BIT_CONVERSION = YES;
				GCC_WARN_ABOUT_RETURN_TYPE = YES_ERROR;
				GCC_WARN_UNDECLARED_SELECTOR = YES;
				GCC_WARN_UNINITIALIZED_AUTOS = YES_AGGRESSIVE;
				GCC_WARN_UNUSED_FUNCTION = YES;
				GCC_WARN_UNUSED_VARIABLE = YES;
				IPHONEOS_DEPLOYMENT_TARGET = 13.4;
				MTL_ENABLE_DEBUG_INFO = NO;
				MTL_FAST_MATH = YES;
				SDKROOT = iphoneos;
				SWIFT_COMPILATION_MODE = wholemodule;
				SWIFT_OPTIMIZATION_LEVEL = "-O";
				VALIDATE_PRODUCT = YES;
			};
			name = Release;
		};
		4F40BEB8244F9A7F0003BEDF /* Debug */ = {
			isa = XCBuildConfiguration;
			buildSettings = {
				ASSETCATALOG_COMPILER_APPICON_NAME = AppIcon;
				CODE_SIGN_STYLE = Automatic;
				INFOPLIST_FILE = Assignment3/Info.plist;
				LD_RUNPATH_SEARCH_PATHS = (
					"$(inherited)",
					"@executable_path/Frameworks",
				);
				PRODUCT_BUNDLE_IDENTIFIER = Class.Assignment3;
				PRODUCT_NAME = "$(TARGET_NAME)";
				SWIFT_VERSION = 5.0;
				TARGETED_DEVICE_FAMILY = "1,2";
			};
			name = Debug;
		};
		4F40BEB9244F9A7F0003BEDF /* Release */ = {
			isa = XCBuildConfiguration;
			buildSettings = {
				ASSETCATALOG_COMPILER_APPICON_NAME = AppIcon;
				CODE_SIGN_STYLE = Automatic;
				INFOPLIST_FILE = Assignment3/Info.plist;
				LD_RUNPATH_SEARCH_PATHS = (
					"$(inherited)",
					"@executable_path/Frameworks",
				);
				PRODUCT_BUNDLE_IDENTIFIER = Class.Assignment3;
				PRODUCT_NAME = "$(TARGET_NAME)";
				SWIFT_VERSION = 5.0;
				TARGETED_DEVICE_FAMILY = "1,2";
			};
			name = Release;
		};
		4F40BEBB244F9A7F0003BEDF /* Debug */ = {
			isa = XCBuildConfiguration;
			buildSettings = {
				ALWAYS_EMBED_SWIFT_STANDARD_LIBRARIES = YES;
				BUNDLE_LOADER = "$(TEST_HOST)";
				CODE_SIGN_STYLE = Automatic;
				INFOPLIST_FILE = Assignment3Tests/Info.plist;
				IPHONEOS_DEPLOYMENT_TARGET = 13.4;
				LD_RUNPATH_SEARCH_PATHS = (
					"$(inherited)",
					"@executable_path/Frameworks",
					"@loader_path/Frameworks",
				);
				PRODUCT_BUNDLE_IDENTIFIER = Class.Assignment3Tests;
				PRODUCT_NAME = "$(TARGET_NAME)";
				SWIFT_VERSION = 5.0;
				TARGETED_DEVICE_FAMILY = "1,2";
				TEST_HOST = "$(BUILT_PRODUCTS_DIR)/Assignment3.app/Assignment3";
			};
			name = Debug;
		};
		4F40BEBC244F9A7F0003BEDF /* Release */ = {
			isa = XCBuildConfiguration;
			buildSettings = {
				ALWAYS_EMBED_SWIFT_STANDARD_LIBRARIES = YES;
				BUNDLE_LOADER = "$(TEST_HOST)";
				CODE_SIGN_STYLE = Automatic;
				INFOPLIST_FILE = Assignment3Tests/Info.plist;
				IPHONEOS_DEPLOYMENT_TARGET = 13.4;
				LD_RUNPATH_SEARCH_PATHS = (
					"$(inherited)",
					"@executable_path/Frameworks",
					"@loader_path/Frameworks",
				);
				PRODUCT_BUNDLE_IDENTIFIER = Class.Assignment3Tests;
				PRODUCT_NAME = "$(TARGET_NAME)";
				SWIFT_VERSION = 5.0;
				TARGETED_DEVICE_FAMILY = "1,2";
				TEST_HOST = "$(BUILT_PRODUCTS_DIR)/Assignment3.app/Assignment3";
			};
			name = Release;
		};
		4F40BEBE244F9A7F0003BEDF /* Debug */ = {
			isa = XCBuildConfiguration;
			buildSettings = {
				ALWAYS_EMBED_SWIFT_STANDARD_LIBRARIES = YES;
				CODE_SIGN_STYLE = Automatic;
				INFOPLIST_FILE = Assignment3UITests/Info.plist;
				LD_RUNPATH_SEARCH_PATHS = (
					"$(inherited)",
					"@executable_path/Frameworks",
					"@loader_path/Frameworks",
				);
				PRODUCT_BUNDLE_IDENTIFIER = Class.Assignment3UITests;
				PRODUCT_NAME = "$(TARGET_NAME)";
				SWIFT_VERSION = 5.0;
				TARGETED_DEVICE_FAMILY = "1,2";
				TEST_TARGET_NAME = Assignment3;
			};
			name = Debug;
		};
		4F40BEBF244F9A7F0003BEDF /* Release */ = {
			isa = XCBuildConfiguration;
			buildSettings = {
				ALWAYS_EMBED_SWIFT_STANDARD_LIBRARIES = YES;
				CODE_SIGN_STYLE = Automatic;
				INFOPLIST_FILE = Assignment3UITests/Info.plist;
				LD_RUNPATH_SEARCH_PATHS = (
					"$(inherited)",
					"@executable_path/Frameworks",
					"@loader_path/Frameworks",
				);
				PRODUCT_BUNDLE_IDENTIFIER = Class.Assignment3UITests;
				PRODUCT_NAME = "$(TARGET_NAME)";
				SWIFT_VERSION = 5.0;
				TARGETED_DEVICE_FAMILY = "1,2";
				TEST_TARGET_NAME = Assignment3;
			};
			name = Release;
		};
/* End XCBuildConfiguration section */

/* Begin XCConfigurationList section */
		4F40BE88244F9A7C0003BEDF /* Build configuration list for PBXProject "Assignment3" */ = {
			isa = XCConfigurationList;
			buildConfigurations = (
				4F40BEB5244F9A7F0003BEDF /* Debug */,
				4F40BEB6244F9A7F0003BEDF /* Release */,
			);
			defaultConfigurationIsVisible = 0;
			defaultConfigurationName = Release;
		};
		4F40BEB7244F9A7F0003BEDF /* Build configuration list for PBXNativeTarget "Assignment3" */ = {
			isa = XCConfigurationList;
			buildConfigurations = (
				4F40BEB8244F9A7F0003BEDF /* Debug */,
				4F40BEB9244F9A7F0003BEDF /* Release */,
			);
			defaultConfigurationIsVisible = 0;
			defaultConfigurationName = Release;
		};
		4F40BEBA244F9A7F0003BEDF /* Build configuration list for PBXNativeTarget "Assignment3Tests" */ = {
			isa = XCConfigurationList;
			buildConfigurations = (
				4F40BEBB244F9A7F0003BEDF /* Debug */,
				4F40BEBC244F9A7F0003BEDF /* Release */,
			);
			defaultConfigurationIsVisible = 0;
			defaultConfigurationName = Release;
		};
		4F40BEBD244F9A7F0003BEDF /* Build configuration list for PBXNativeTarget "Assignment3UITests" */ = {
			isa = XCConfigurationList;
			buildConfigurations = (
				4F40BEBE244F9A7F0003BEDF /* Debug */,
				4F40BEBF244F9A7F0003BEDF /* Release */,
			);
			defaultConfigurationIsVisible = 0;
			defaultConfigurationName = Release;
		};
/* End XCConfigurationList section */
	};
	rootObject = 4F40BE85244F9A7C0003BEDF /* Project object */;
}
