// !$*UTF8*$!
{
	archiveVersion = 1;
	classes = {
	};
	objectVersion = 50;
	objects = {

/* Begin PBXBuildFile section */
		4FCB936624510F0E0001C1DF /* AppDelegate.swift in Sources */ = {isa = PBXBuildFile; fileRef = 4FCB936524510F0E0001C1DF /* AppDelegate.swift */; };
		4FCB936824510F0E0001C1DF /* SceneDelegate.swift in Sources */ = {isa = PBXBuildFile; fileRef = 4FCB936724510F0E0001C1DF /* SceneDelegate.swift */; };
		4FCB936A24510F0E0001C1DF /* ViewController.swift in Sources */ = {isa = PBXBuildFile; fileRef = 4FCB936924510F0E0001C1DF /* ViewController.swift */; };
		4FCB936D24510F0E0001C1DF /* Main.storyboard in Resources */ = {isa = PBXBuildFile; fileRef = 4FCB936B24510F0E0001C1DF /* Main.storyboard */; };
		4FCB936F24510F110001C1DF /* Assets.xcassets in Resources */ = {isa = PBXBuildFile; fileRef = 4FCB936E24510F110001C1DF /* Assets.xcassets */; };
		4FCB937224510F110001C1DF /* LaunchScreen.storyboard in Resources */ = {isa = PBXBuildFile; fileRef = 4FCB937024510F110001C1DF /* LaunchScreen.storyboard */; };
		4FCB937D24510F110001C1DF /* ApplePieTests.swift in Sources */ = {isa = PBXBuildFile; fileRef = 4FCB937C24510F110001C1DF /* ApplePieTests.swift */; };
		4FCB938824510F110001C1DF /* ApplePieUITests.swift in Sources */ = {isa = PBXBuildFile; fileRef = 4FCB938724510F110001C1DF /* ApplePieUITests.swift */; };
		4FCFAFC72452510100E4E6C8 /* Game.swift in Sources */ = {isa = PBXBuildFile; fileRef = 4FCFAFC62452510100E4E6C8 /* Game.swift */; };
/* End PBXBuildFile section */

/* Begin PBXContainerItemProxy section */
		4FCB937924510F110001C1DF /* PBXContainerItemProxy */ = {
			isa = PBXContainerItemProxy;
			containerPortal = 4FCB935A24510F0E0001C1DF /* Project object */;
			proxyType = 1;
			remoteGlobalIDString = 4FCB936124510F0E0001C1DF;
			remoteInfo = ApplePie;
		};
		4FCB938424510F110001C1DF /* PBXContainerItemProxy */ = {
			isa = PBXContainerItemProxy;
			containerPortal = 4FCB935A24510F0E0001C1DF /* Project object */;
			proxyType = 1;
			remoteGlobalIDString = 4FCB936124510F0E0001C1DF;
			remoteInfo = ApplePie;
		};
/* End PBXContainerItemProxy section */

/* Begin PBXFileReference section */
		4FCB936224510F0E0001C1DF /* ApplePie.app */ = {isa = PBXFileReference; explicitFileType = wrapper.application; includeInIndex = 0; path = ApplePie.app; sourceTree = BUILT_PRODUCTS_DIR; };
		4FCB936524510F0E0001C1DF /* AppDelegate.swift */ = {isa = PBXFileReference; lastKnownFileType = sourcecode.swift; path = AppDelegate.swift; sourceTree = "<group>"; };
		4FCB936724510F0E0001C1DF /* SceneDelegate.swift */ = {isa = PBXFileReference; lastKnownFileType = sourcecode.swift; path = SceneDelegate.swift; sourceTree = "<group>"; };
		4FCB936924510F0E0001C1DF /* ViewController.swift */ = {isa = PBXFileReference; lastKnownFileType = sourcecode.swift; path = ViewController.swift; sourceTree = "<group>"; };
		4FCB936C24510F0E0001C1DF /* Base */ = {isa = PBXFileReference; lastKnownFileType = file.storyboard; name = Base; path = Base.lproj/Main.storyboard; sourceTree = "<group>"; };
		4FCB936E24510F110001C1DF /* Assets.xcassets */ = {isa = PBXFileReference; lastKnownFileType = folder.assetcatalog; path = Assets.xcassets; sourceTree = "<group>"; };
		4FCB937124510F110001C1DF /* Base */ = {isa = PBXFileReference; lastKnownFileType = file.storyboard; name = Base; path = Base.lproj/LaunchScreen.storyboard; sourceTree = "<group>"; };
		4FCB937324510F110001C1DF /* Info.plist */ = {isa = PBXFileReference; lastKnownFileType = text.plist.xml; path = Info.plist; sourceTree = "<group>"; };
		4FCB937824510F110001C1DF /* ApplePieTests.xctest */ = {isa = PBXFileReference; explicitFileType = wrapper.cfbundle; includeInIndex = 0; path = ApplePieTests.xctest; sourceTree = BUILT_PRODUCTS_DIR; };
		4FCB937C24510F110001C1DF /* ApplePieTests.swift */ = {isa = PBXFileReference; lastKnownFileType = sourcecode.swift; path = ApplePieTests.swift; sourceTree = "<group>"; };
		4FCB937E24510F110001C1DF /* Info.plist */ = {isa = PBXFileReference; lastKnownFileType = text.plist.xml; path = Info.plist; sourceTree = "<group>"; };
		4FCB938324510F110001C1DF /* ApplePieUITests.xctest */ = {isa = PBXFileReference; explicitFileType = wrapper.cfbundle; includeInIndex = 0; path = ApplePieUITests.xctest; sourceTree = BUILT_PRODUCTS_DIR; };
		4FCB938724510F110001C1DF /* ApplePieUITests.swift */ = {isa = PBXFileReference; lastKnownFileType = sourcecode.swift; path = ApplePieUITests.swift; sourceTree = "<group>"; };
		4FCB938924510F110001C1DF /* Info.plist */ = {isa = PBXFileReference; lastKnownFileType = text.plist.xml; path = Info.plist; sourceTree = "<group>"; };
		4FCFAFC62452510100E4E6C8 /* Game.swift */ = {isa = PBXFileReference; lastKnownFileType = sourcecode.swift; path = Game.swift; sourceTree = "<group>"; };
/* End PBXFileReference section */

/* Begin PBXFrameworksBuildPhase section */
		4FCB935F24510F0E0001C1DF /* Frameworks */ = {
			isa = PBXFrameworksBuildPhase;
			buildActionMask = 2147483647;
			files = (
			);
			runOnlyForDeploymentPostprocessing = 0;
		};
		4FCB937524510F110001C1DF /* Frameworks */ = {
			isa = PBXFrameworksBuildPhase;
			buildActionMask = 2147483647;
			files = (
			);
			runOnlyForDeploymentPostprocessing = 0;
		};
		4FCB938024510F110001C1DF /* Frameworks */ = {
			isa = PBXFrameworksBuildPhase;
			buildActionMask = 2147483647;
			files = (
			);
			runOnlyForDeploymentPostprocessing = 0;
		};
/* End PBXFrameworksBuildPhase section */

/* Begin PBXGroup section */
		4FCB935924510F0E0001C1DF = {
			isa = PBXGroup;
			children = (
				4FCB936424510F0E0001C1DF /* ApplePie */,
				4FCB937B24510F110001C1DF /* ApplePieTests */,
				4FCB938624510F110001C1DF /* ApplePieUITests */,
				4FCB936324510F0E0001C1DF /* Products */,
			);
			sourceTree = "<group>";
		};
		4FCB936324510F0E0001C1DF /* Products */ = {
			isa = PBXGroup;
			children = (
				4FCB936224510F0E0001C1DF /* ApplePie.app */,
				4FCB937824510F110001C1DF /* ApplePieTests.xctest */,
				4FCB938324510F110001C1DF /* ApplePieUITests.xctest */,
			);
			name = Products;
			sourceTree = "<group>";
		};
		4FCB936424510F0E0001C1DF /* ApplePie */ = {
			isa = PBXGroup;
			children = (
				4FCB936524510F0E0001C1DF /* AppDelegate.swift */,
				4FCB936724510F0E0001C1DF /* SceneDelegate.swift */,
				4FCB936924510F0E0001C1DF /* ViewController.swift */,
				4FCFAFC62452510100E4E6C8 /* Game.swift */,
				4FCB936B24510F0E0001C1DF /* Main.storyboard */,
				4FCB936E24510F110001C1DF /* Assets.xcassets */,
				4FCB937024510F110001C1DF /* LaunchScreen.storyboard */,
				4FCB937324510F110001C1DF /* Info.plist */,
			);
			path = ApplePie;
			sourceTree = "<group>";
		};
		4FCB937B24510F110001C1DF /* ApplePieTests */ = {
			isa = PBXGroup;
			children = (
				4FCB937C24510F110001C1DF /* ApplePieTests.swift */,
				4FCB937E24510F110001C1DF /* Info.plist */,
			);
			path = ApplePieTests;
			sourceTree = "<group>";
		};
		4FCB938624510F110001C1DF /* ApplePieUITests */ = {
			isa = PBXGroup;
			children = (
				4FCB938724510F110001C1DF /* ApplePieUITests.swift */,
				4FCB938924510F110001C1DF /* Info.plist */,
			);
			path = ApplePieUITests;
			sourceTree = "<group>";
		};
/* End PBXGroup section */

/* Begin PBXNativeTarget section */
		4FCB936124510F0E0001C1DF /* ApplePie */ = {
			isa = PBXNativeTarget;
			buildConfigurationList = 4FCB938C24510F110001C1DF /* Build configuration list for PBXNativeTarget "ApplePie" */;
			buildPhases = (
				4FCB935E24510F0E0001C1DF /* Sources */,
				4FCB935F24510F0E0001C1DF /* Frameworks */,
				4FCB936024510F0E0001C1DF /* Resources */,
			);
			buildRules = (
			);
			dependencies = (
			);
			name = ApplePie;
			productName = ApplePie;
			productReference = 4FCB936224510F0E0001C1DF /* ApplePie.app */;
			productType = "com.apple.product-type.application";
		};
		4FCB937724510F110001C1DF /* ApplePieTests */ = {
			isa = PBXNativeTarget;
			buildConfigurationList = 4FCB938F24510F110001C1DF /* Build configuration list for PBXNativeTarget "ApplePieTests" */;
			buildPhases = (
				4FCB937424510F110001C1DF /* Sources */,
				4FCB937524510F110001C1DF /* Frameworks */,
				4FCB937624510F110001C1DF /* Resources */,
			);
			buildRules = (
			);
			dependencies = (
				4FCB937A24510F110001C1DF /* PBXTargetDependency */,
			);
			name = ApplePieTests;
			productName = ApplePieTests;
			productReference = 4FCB937824510F110001C1DF /* ApplePieTests.xctest */;
			productType = "com.apple.product-type.bundle.unit-test";
		};
		4FCB938224510F110001C1DF /* ApplePieUITests */ = {
			isa = PBXNativeTarget;
			buildConfigurationList = 4FCB939224510F110001C1DF /* Build configuration list for PBXNativeTarget "ApplePieUITests" */;
			buildPhases = (
				4FCB937F24510F110001C1DF /* Sources */,
				4FCB938024510F110001C1DF /* Frameworks */,
				4FCB938124510F110001C1DF /* Resources */,
			);
			buildRules = (
			);
			dependencies = (
				4FCB938524510F110001C1DF /* PBXTargetDependency */,
			);
			name = ApplePieUITests;
			productName = ApplePieUITests;
			productReference = 4FCB938324510F110001C1DF /* ApplePieUITests.xctest */;
			productType = "com.apple.product-type.bundle.ui-testing";
		};
/* End PBXNativeTarget section */

/* Begin PBXProject section */
		4FCB935A24510F0E0001C1DF /* Project object */ = {
			isa = PBXProject;
			attributes = {
				LastSwiftUpdateCheck = 1140;
				LastUpgradeCheck = 1140;
				ORGANIZATIONNAME = Daniel;
				TargetAttributes = {
					4FCB936124510F0E0001C1DF = {
						CreatedOnToolsVersion = 11.4.1;
					};
					4FCB937724510F110001C1DF = {
						CreatedOnToolsVersion = 11.4.1;
						TestTargetID = 4FCB936124510F0E0001C1DF;
					};
					4FCB938224510F110001C1DF = {
						CreatedOnToolsVersion = 11.4.1;
						TestTargetID = 4FCB936124510F0E0001C1DF;
					};
				};
			};
			buildConfigurationList = 4FCB935D24510F0E0001C1DF /* Build configuration list for PBXProject "ApplePie" */;
			compatibilityVersion = "Xcode 9.3";
			developmentRegion = en;
			hasScannedForEncodings = 0;
			knownRegions = (
				en,
				Base,
			);
			mainGroup = 4FCB935924510F0E0001C1DF;
			productRefGroup = 4FCB936324510F0E0001C1DF /* Products */;
			projectDirPath = "";
			projectRoot = "";
			targets = (
				4FCB936124510F0E0001C1DF /* ApplePie */,
				4FCB937724510F110001C1DF /* ApplePieTests */,
				4FCB938224510F110001C1DF /* ApplePieUITests */,
			);
		};
/* End PBXProject section */

/* Begin PBXResourcesBuildPhase section */
		4FCB936024510F0E0001C1DF /* Resources */ = {
			isa = PBXResourcesBuildPhase;
			buildActionMask = 2147483647;
			files = (
				4FCB937224510F110001C1DF /* LaunchScreen.storyboard in Resources */,
				4FCB936F24510F110001C1DF /* Assets.xcassets in Resources */,
				4FCB936D24510F0E0001C1DF /* Main.storyboard in Resources */,
			);
			runOnlyForDeploymentPostprocessing = 0;
		};
		4FCB937624510F110001C1DF /* Resources */ = {
			isa = PBXResourcesBuildPhase;
			buildActionMask = 2147483647;
			files = (
			);
			runOnlyForDeploymentPostprocessing = 0;
		};
		4FCB938124510F110001C1DF /* Resources */ = {
			isa = PBXResourcesBuildPhase;
			buildActionMask = 2147483647;
			files = (
			);
			runOnlyForDeploymentPostprocessing = 0;
		};
/* End PBXResourcesBuildPhase section */

/* Begin PBXSourcesBuildPhase section */
		4FCB935E24510F0E0001C1DF /* Sources */ = {
			isa = PBXSourcesBuildPhase;
			buildActionMask = 2147483647;
			files = (
				4FCB936A24510F0E0001C1DF /* ViewController.swift in Sources */,
				4FCB936624510F0E0001C1DF /* AppDelegate.swift in Sources */,
				4FCB936824510F0E0001C1DF /* SceneDelegate.swift in Sources */,
				4FCFAFC72452510100E4E6C8 /* Game.swift in Sources */,
			);
			runOnlyForDeploymentPostprocessing = 0;
		};
		4FCB937424510F110001C1DF /* Sources */ = {
			isa = PBXSourcesBuildPhase;
			buildActionMask = 2147483647;
			files = (
				4FCB937D24510F110001C1DF /* ApplePieTests.swift in Sources */,
			);
			runOnlyForDeploymentPostprocessing = 0;
		};
		4FCB937F24510F110001C1DF /* Sources */ = {
			isa = PBXSourcesBuildPhase;
			buildActionMask = 2147483647;
			files = (
				4FCB938824510F110001C1DF /* ApplePieUITests.swift in Sources */,
			);
			runOnlyForDeploymentPostprocessing = 0;
		};
/* End PBXSourcesBuildPhase section */

/* Begin PBXTargetDependency section */
		4FCB937A24510F110001C1DF /* PBXTargetDependency */ = {
			isa = PBXTargetDependency;
			target = 4FCB936124510F0E0001C1DF /* ApplePie */;
			targetProxy = 4FCB937924510F110001C1DF /* PBXContainerItemProxy */;
		};
		4FCB938524510F110001C1DF /* PBXTargetDependency */ = {
			isa = PBXTargetDependency;
			target = 4FCB936124510F0E0001C1DF /* ApplePie */;
			targetProxy = 4FCB938424510F110001C1DF /* PBXContainerItemProxy */;
		};
/* End PBXTargetDependency section */

/* Begin PBXVariantGroup section */
		4FCB936B24510F0E0001C1DF /* Main.storyboard */ = {
			isa = PBXVariantGroup;
			children = (
				4FCB936C24510F0E0001C1DF /* Base */,
			);
			name = Main.storyboard;
			sourceTree = "<group>";
		};
		4FCB937024510F110001C1DF /* LaunchScreen.storyboard */ = {
			isa = PBXVariantGroup;
			children = (
				4FCB937124510F110001C1DF /* Base */,
			);
			name = LaunchScreen.storyboard;
			sourceTree = "<group>";
		};
/* End PBXVariantGroup section */

/* Begin XCBuildConfiguration section */
		4FCB938A24510F110001C1DF /* Debug */ = {
			isa = XCBuildConfiguration;
			buildSettings = {
				ALWAYS_SEARCH_USER_PATHS = NO;
				CLANG_ANALYZER_NONNULL = YES;
				CLANG_ANALYZER_NUMBER_OBJECT_CONVERSION = YES_AGGRESSIVE;
				CLANG_CXX_LANGUAGE_STANDARD = "gnu++14";
				CLANG_CXX_LIBRARY = "libc++";
				CLANG_ENABLE_MODULES = YES;
				CLANG_ENABLE_OBJC_ARC = YES;
				CLANG_ENABLE_OBJC_WEAK = YES;
				CLANG_WARN_BLOCK_CAPTURE_AUTORELEASING = YES;
				CLANG_WARN_BOOL_CONVERSION = YES;
				CLANG_WARN_COMMA = YES;
				CLANG_WARN_CONSTANT_CONVERSION = YES;
				CLANG_WARN_DEPRECATED_OBJC_IMPLEMENTATIONS = YES;
				CLANG_WARN_DIRECT_OBJC_ISA_USAGE = YES_ERROR;
				CLANG_WARN_DOCUMENTATION_COMMENTS = YES;
				CLANG_WARN_EMPTY_BODY = YES;
				CLANG_WARN_ENUM_CONVERSION = YES;
				CLANG_WARN_INFINITE_RECURSION = YES;
				CLANG_WARN_INT_CONVERSION = YES;
				CLANG_WARN_NON_LITERAL_NULL_CONVERSION = YES;
				CLANG_WARN_OBJC_IMPLICIT_RETAIN_SELF = YES;
				CLANG_WARN_OBJC_LITERAL_CONVERSION = YES;
				CLANG_WARN_OBJC_ROOT_CLASS = YES_ERROR;
				CLANG_WARN_RANGE_LOOP_ANALYSIS = YES;
				CLANG_WARN_STRICT_PROTOTYPES = YES;
				CLANG_WARN_SUSPICIOUS_MOVE = YES;
				CLANG_WARN_UNGUARDED_AVAILABILITY = YES_AGGRESSIVE;
				CLANG_WARN_UNREACHABLE_CODE = YES;
				CLANG_WARN__DUPLICATE_METHOD_MATCH = YES;
				COPY_PHASE_STRIP = NO;
				DEBUG_INFORMATION_FORMAT = dwarf;
				ENABLE_STRICT_OBJC_MSGSEND = YES;
				ENABLE_TESTABILITY = YES;
				GCC_C_LANGUAGE_STANDARD = gnu11;
				GCC_DYNAMIC_NO_PIC = NO;
				GCC_NO_COMMON_BLOCKS = YES;
				GCC_OPTIMIZATION_LEVEL = 0;
				GCC_PREPROCESSOR_DEFINITIONS = (
					"DEBUG=1",
					"$(inherited)",
				);
				GCC_WARN_64_TO_32_BIT_CONVERSION = YES;
				GCC_WARN_ABOUT_RETURN_TYPE = YES_ERROR;
				GCC_WARN_UNDECLARED_SELECTOR = YES;
				GCC_WARN_UNINITIALIZED_AUTOS = YES_AGGRESSIVE;
				GCC_WARN_UNUSED_FUNCTION = YES;
				GCC_WARN_UNUSED_VARIABLE = YES;
				IPHONEOS_DEPLOYMENT_TARGET = 13.4;
				MTL_ENABLE_DEBUG_INFO = INCLUDE_SOURCE;
				MTL_FAST_MATH = YES;
				ONLY_ACTIVE_ARCH = YES;
				SDKROOT = iphoneos;
				SWIFT_ACTIVE_COMPILATION_CONDITIONS = DEBUG;
				SWIFT_OPTIMIZATION_LEVEL = "-Onone";
			};
			name = Debug;
		};
		4FCB938B24510F110001C1DF /* Release */ = {
			isa = XCBuildConfiguration;
			buildSettings = {
				ALWAYS_SEARCH_USER_PATHS = NO;
				CLANG_ANALYZER_NONNULL = YES;
				CLANG_ANALYZER_NUMBER_OBJECT_CONVERSION = YES_AGGRESSIVE;
				CLANG_CXX_LANGUAGE_STANDARD = "gnu++14";
				CLANG_CXX_LIBRARY = "libc++";
				CLANG_ENABLE_MODULES = YES;
				CLANG_ENABLE_OBJC_ARC = YES;
				CLANG_ENABLE_OBJC_WEAK = YES;
				CLANG_WARN_BLOCK_CAPTURE_AUTORELEASING = YES;
				CLANG_WARN_BOOL_CONVERSION = YES;
				CLANG_WARN_COMMA = YES;
				CLANG_WARN_CONSTANT_CONVERSION = YES;
				CLANG_WARN_DEPRECATED_OBJC_IMPLEMENTATIONS = YES;
				CLANG_WARN_DIRECT_OBJC_ISA_USAGE = YES_ERROR;
				CLANG_WARN_DOCUMENTATION_COMMENTS = YES;
				CLANG_WARN_EMPTY_BODY = YES;
				CLANG_WARN_ENUM_CONVERSION = YES;
				CLANG_WARN_INFINITE_RECURSION = YES;
				CLANG_WARN_INT_CONVERSION = YES;
				CLANG_WARN_NON_LITERAL_NULL_CONVERSION = YES;
				CLANG_WARN_OBJC_IMPLICIT_RETAIN_SELF = YES;
				CLANG_WARN_OBJC_LITERAL_CONVERSION = YES;
				CLANG_WARN_OBJC_ROOT_CLASS = YES_ERROR;
				CLANG_WARN_RANGE_LOOP_ANALYSIS = YES;
				CLANG_WARN_STRICT_PROTOTYPES = YES;
				CLANG_WARN_SUSPICIOUS_MOVE = YES;
				CLANG_WARN_UNGUARDED_AVAILABILITY = YES_AGGRESSIVE;
				CLANG_WARN_UNREACHABLE_CODE = YES;
				CLANG_WARN__DUPLICATE_METHOD_MATCH = YES;
				COPY_PHASE_STRIP = NO;
				DEBUG_INFORMATION_FORMAT = "dwarf-with-dsym";
				ENABLE_NS_ASSERTIONS = NO;
				ENABLE_STRICT_OBJC_MSGSEND = YES;
				GCC_C_LANGUAGE_STANDARD = gnu11;
				GCC_NO_COMMON_BLOCKS = YES;
				GCC_WARN_64_TO_32_BIT_CONVERSION = YES;
				GCC_WARN_ABOUT_RETURN_TYPE = YES_ERROR;
				GCC_WARN_UNDECLARED_SELECTOR = YES;
				GCC_WARN_UNINITIALIZED_AUTOS = YES_AGGRESSIVE;
				GCC_WARN_UNUSED_FUNCTION = YES;
				GCC_WARN_UNUSED_VARIABLE = YES;
				IPHONEOS_DEPLOYMENT_TARGET = 13.4;
				MTL_ENABLE_DEBUG_INFO = NO;
				MTL_FAST_MATH = YES;
				SDKROOT = iphoneos;
				SWIFT_COMPILATION_MODE = wholemodule;
				SWIFT_OPTIMIZATION_LEVEL = "-O";
				VALIDATE_PRODUCT = YES;
			};
			name = Release;
		};
		4FCB938D24510F110001C1DF /* Debug */ = {
			isa = XCBuildConfiguration;
			buildSettings = {
				ASSETCATALOG_COMPILER_APPICON_NAME = AppIcon;
				CODE_SIGN_STYLE = Automatic;
				INFOPLIST_FILE = ApplePie/Info.plist;
				LD_RUNPATH_SEARCH_PATHS = (
					"$(inherited)",
					"@executable_path/Frameworks",
				);
				PRODUCT_BUNDLE_IDENTIFIER = Class.ApplePie;
				PRODUCT_NAME = "$(TARGET_NAME)";
				SWIFT_VERSION = 5.0;
				TARGETED_DEVICE_FAMILY = 2;
			};
			name = Debug;
		};
		4FCB938E24510F110001C1DF /* Release */ = {
			isa = XCBuildConfiguration;
			buildSettings = {
				ASSETCATALOG_COMPILER_APPICON_NAME = AppIcon;
				CODE_SIGN_STYLE = Automatic;
				INFOPLIST_FILE = ApplePie/Info.plist;
				LD_RUNPATH_SEARCH_PATHS = (
					"$(inherited)",
					"@executable_path/Frameworks",
				);
				PRODUCT_BUNDLE_IDENTIFIER = Class.ApplePie;
				PRODUCT_NAME = "$(TARGET_NAME)";
				SWIFT_VERSION = 5.0;
				TARGETED_DEVICE_FAMILY = 2;
			};
			name = Release;
		};
		4FCB939024510F110001C1DF /* Debug */ = {
			isa = XCBuildConfiguration;
			buildSettings = {
				ALWAYS_EMBED_SWIFT_STANDARD_LIBRARIES = YES;
				BUNDLE_LOADER = "$(TEST_HOST)";
				CODE_SIGN_STYLE = Automatic;
				INFOPLIST_FILE = ApplePieTests/Info.plist;
				IPHONEOS_DEPLOYMENT_TARGET = 13.4;
				LD_RUNPATH_SEARCH_PATHS = (
					"$(inherited)",
					"@executable_path/Frameworks",
					"@loader_path/Frameworks",
				);
				PRODUCT_BUNDLE_IDENTIFIER = Class.ApplePieTests;
				PRODUCT_NAME = "$(TARGET_NAME)";
				SWIFT_VERSION = 5.0;
				TARGETED_DEVICE_FAMILY = "1,2";
				TEST_HOST = "$(BUILT_PRODUCTS_DIR)/ApplePie.app/ApplePie";
			};
			name = Debug;
		};
		4FCB939124510F110001C1DF /* Release */ = {
			isa = XCBuildConfiguration;
			buildSettings = {
				ALWAYS_EMBED_SWIFT_STANDARD_LIBRARIES = YES;
				BUNDLE_LOADER = "$(TEST_HOST)";
				CODE_SIGN_STYLE = Automatic;
				INFOPLIST_FILE = ApplePieTests/Info.plist;
				IPHONEOS_DEPLOYMENT_TARGET = 13.4;
				LD_RUNPATH_SEARCH_PATHS = (
					"$(inherited)",
					"@executable_path/Frameworks",
					"@loader_path/Frameworks",
				);
				PRODUCT_BUNDLE_IDENTIFIER = Class.ApplePieTests;
				PRODUCT_NAME = "$(TARGET_NAME)";
				SWIFT_VERSION = 5.0;
				TARGETED_DEVICE_FAMILY = "1,2";
				TEST_HOST = "$(BUILT_PRODUCTS_DIR)/ApplePie.app/ApplePie";
			};
			name = Release;
		};
		4FCB939324510F110001C1DF /* Debug */ = {
			isa = XCBuildConfiguration;
			buildSettings = {
				ALWAYS_EMBED_SWIFT_STANDARD_LIBRARIES = YES;
				CODE_SIGN_STYLE = Automatic;
				INFOPLIST_FILE = ApplePieUITests/Info.plist;
				LD_RUNPATH_SEARCH_PATHS = (
					"$(inherited)",
					"@executable_path/Frameworks",
					"@loader_path/Frameworks",
				);
				PRODUCT_BUNDLE_IDENTIFIER = Class.ApplePieUITests;
				PRODUCT_NAME = "$(TARGET_NAME)";
				SWIFT_VERSION = 5.0;
				TARGETED_DEVICE_FAMILY = "1,2";
				TEST_TARGET_NAME = ApplePie;
			};
			name = Debug;
		};
		4FCB939424510F110001C1DF /* Release */ = {
			isa = XCBuildConfiguration;
			buildSettings = {
				ALWAYS_EMBED_SWIFT_STANDARD_LIBRARIES = YES;
				CODE_SIGN_STYLE = Automatic;
				INFOPLIST_FILE = ApplePieUITests/Info.plist;
				LD_RUNPATH_SEARCH_PATHS = (
					"$(inherited)",
					"@executable_path/Frameworks",
					"@loader_path/Frameworks",
				);
				PRODUCT_BUNDLE_IDENTIFIER = Class.ApplePieUITests;
				PRODUCT_NAME = "$(TARGET_NAME)";
				SWIFT_VERSION = 5.0;
				TARGETED_DEVICE_FAMILY = "1,2";
				TEST_TARGET_NAME = ApplePie;
			};
			name = Release;
		};
/* End XCBuildConfiguration section */

/* Begin XCConfigurationList section */
		4FCB935D24510F0E0001C1DF /* Build configuration list for PBXProject "ApplePie" */ = {
			isa = XCConfigurationList;
			buildConfigurations = (
				4FCB938A24510F110001C1DF /* Debug */,
				4FCB938B24510F110001C1DF /* Release */,
			);
			defaultConfigurationIsVisible = 0;
			defaultConfigurationName = Release;
		};
		4FCB938C24510F110001C1DF /* Build configuration list for PBXNativeTarget "ApplePie" */ = {
			isa = XCConfigurationList;
			buildConfigurations = (
				4FCB938D24510F110001C1DF /* Debug */,
				4FCB938E24510F110001C1DF /* Release */,
			);
			defaultConfigurationIsVisible = 0;
			defaultConfigurationName = Release;
		};
		4FCB938F24510F110001C1DF /* Build configuration list for PBXNativeTarget "ApplePieTests" */ = {
			isa = XCConfigurationList;
			buildConfigurations = (
				4FCB939024510F110001C1DF /* Debug */,
				4FCB939124510F110001C1DF /* Release */,
			);
			defaultConfigurationIsVisible = 0;
			defaultConfigurationName = Release;
		};
		4FCB939224510F110001C1DF /* Build configuration list for PBXNativeTarget "ApplePieUITests" */ = {
			isa = XCConfigurationList;
			buildConfigurations = (
				4FCB939324510F110001C1DF /* Debug */,
				4FCB939424510F110001C1DF /* Release */,
			);
			defaultConfigurationIsVisible = 0;
			defaultConfigurationName = Release;
		};
/* End XCConfigurationList section */
	};
	rootObject = 4FCB935A24510F0E0001C1DF /* Project object */;
}
