// !$*UTF8*$!
{
	archiveVersion = 1;
	classes = {
	};
	objectVersion = 50;
	objects = {

/* Begin PBXBuildFile section */
		4F806BA424467BAB002557B7 /* AppDelegate.swift in Sources */ = {isa = PBXBuildFile; fileRef = 4F806BA324467BAB002557B7 /* AppDelegate.swift */; };
		4F806BA624467BAB002557B7 /* SceneDelegate.swift in Sources */ = {isa = PBXBuildFile; fileRef = 4F806BA524467BAB002557B7 /* SceneDelegate.swift */; };
		4F806BA824467BAB002557B7 /* ViewController.swift in Sources */ = {isa = PBXBuildFile; fileRef = 4F806BA724467BAB002557B7 /* ViewController.swift */; };
		4F806BAB24467BAB002557B7 /* Main.storyboard in Resources */ = {isa = PBXBuildFile; fileRef = 4F806BA924467BAB002557B7 /* Main.storyboard */; };
		4F806BAD24467BAC002557B7 /* Assets.xcassets in Resources */ = {isa = PBXBuildFile; fileRef = 4F806BAC24467BAC002557B7 /* Assets.xcassets */; };
		4F806BB024467BAC002557B7 /* LaunchScreen.storyboard in Resources */ = {isa = PBXBuildFile; fileRef = 4F806BAE24467BAC002557B7 /* LaunchScreen.storyboard */; };
		4F806BBB24467BAC002557B7 /* FirstClassTests.swift in Sources */ = {isa = PBXBuildFile; fileRef = 4F806BBA24467BAC002557B7 /* FirstClassTests.swift */; };
		4F806BC624467BAC002557B7 /* FirstClassUITests.swift in Sources */ = {isa = PBXBuildFile; fileRef = 4F806BC524467BAC002557B7 /* FirstClassUITests.swift */; };
/* End PBXBuildFile section */

/* Begin PBXContainerItemProxy section */
		4F806BB724467BAC002557B7 /* PBXContainerItemProxy */ = {
			isa = PBXContainerItemProxy;
			containerPortal = 4F806B9824467BAB002557B7 /* Project object */;
			proxyType = 1;
			remoteGlobalIDString = 4F806B9F24467BAB002557B7;
			remoteInfo = FirstClass;
		};
		4F806BC224467BAC002557B7 /* PBXContainerItemProxy */ = {
			isa = PBXContainerItemProxy;
			containerPortal = 4F806B9824467BAB002557B7 /* Project object */;
			proxyType = 1;
			remoteGlobalIDString = 4F806B9F24467BAB002557B7;
			remoteInfo = FirstClass;
		};
/* End PBXContainerItemProxy section */

/* Begin PBXFileReference section */
		4F806BA024467BAB002557B7 /* FirstClass.app */ = {isa = PBXFileReference; explicitFileType = wrapper.application; includeInIndex = 0; path = FirstClass.app; sourceTree = BUILT_PRODUCTS_DIR; };
		4F806BA324467BAB002557B7 /* AppDelegate.swift */ = {isa = PBXFileReference; lastKnownFileType = sourcecode.swift; path = AppDelegate.swift; sourceTree = "<group>"; };
		4F806BA524467BAB002557B7 /* SceneDelegate.swift */ = {isa = PBXFileReference; lastKnownFileType = sourcecode.swift; path = SceneDelegate.swift; sourceTree = "<group>"; };
		4F806BA724467BAB002557B7 /* ViewController.swift */ = {isa = PBXFileReference; lastKnownFileType = sourcecode.swift; path = ViewController.swift; sourceTree = "<group>"; };
		4F806BAA24467BAB002557B7 /* Base */ = {isa = PBXFileReference; lastKnownFileType = file.storyboard; name = Base; path = Base.lproj/Main.storyboard; sourceTree = "<group>"; };
		4F806BAC24467BAC002557B7 /* Assets.xcassets */ = {isa = PBXFileReference; lastKnownFileType = folder.assetcatalog; path = Assets.xcassets; sourceTree = "<group>"; };
		4F806BAF24467BAC002557B7 /* Base */ = {isa = PBXFileReference; lastKnownFileType = file.storyboard; name = Base; path = Base.lproj/LaunchScreen.storyboard; sourceTree = "<group>"; };
		4F806BB124467BAC002557B7 /* Info.plist */ = {isa = PBXFileReference; lastKnownFileType = text.plist.xml; path = Info.plist; sourceTree = "<group>"; };
		4F806BB624467BAC002557B7 /* FirstClassTests.xctest */ = {isa = PBXFileReference; explicitFileType = wrapper.cfbundle; includeInIndex = 0; path = FirstClassTests.xctest; sourceTree = BUILT_PRODUCTS_DIR; };
		4F806BBA24467BAC002557B7 /* FirstClassTests.swift */ = {isa = PBXFileReference; lastKnownFileType = sourcecode.swift; path = FirstClassTests.swift; sourceTree = "<group>"; };
		4F806BBC24467BAC002557B7 /* Info.plist */ = {isa = PBXFileReference; lastKnownFileType = text.plist.xml; path = Info.plist; sourceTree = "<group>"; };
		4F806BC124467BAC002557B7 /* FirstClassUITests.xctest */ = {isa = PBXFileReference; explicitFileType = wrapper.cfbundle; includeInIndex = 0; path = FirstClassUITests.xctest; sourceTree = BUILT_PRODUCTS_DIR; };
		4F806BC524467BAC002557B7 /* FirstClassUITests.swift */ = {isa = PBXFileReference; lastKnownFileType = sourcecode.swift; path = FirstClassUITests.swift; sourceTree = "<group>"; };
		4F806BC724467BAC002557B7 /* Info.plist */ = {isa = PBXFileReference; lastKnownFileType = text.plist.xml; path = Info.plist; sourceTree = "<group>"; };
/* End PBXFileReference section */

/* Begin PBXFrameworksBuildPhase section */
		4F806B9D24467BAB002557B7 /* Frameworks */ = {
			isa = PBXFrameworksBuildPhase;
			buildActionMask = 2147483647;
			files = (
			);
			runOnlyForDeploymentPostprocessing = 0;
		};
		4F806BB324467BAC002557B7 /* Frameworks */ = {
			isa = PBXFrameworksBuildPhase;
			buildActionMask = 2147483647;
			files = (
			);
			runOnlyForDeploymentPostprocessing = 0;
		};
		4F806BBE24467BAC002557B7 /* Frameworks */ = {
			isa = PBXFrameworksBuildPhase;
			buildActionMask = 2147483647;
			files = (
			);
			runOnlyForDeploymentPostprocessing = 0;
		};
/* End PBXFrameworksBuildPhase section */

/* Begin PBXGroup section */
		4F806B9724467BAB002557B7 = {
			isa = PBXGroup;
			children = (
				4F806BA224467BAB002557B7 /* FirstClass */,
				4F806BB924467BAC002557B7 /* FirstClassTests */,
				4F806BC424467BAC002557B7 /* FirstClassUITests */,
				4F806BA124467BAB002557B7 /* Products */,
			);
			sourceTree = "<group>";
		};
		4F806BA124467BAB002557B7 /* Products */ = {
			isa = PBXGroup;
			children = (
				4F806BA024467BAB002557B7 /* FirstClass.app */,
				4F806BB624467BAC002557B7 /* FirstClassTests.xctest */,
				4F806BC124467BAC002557B7 /* FirstClassUITests.xctest */,
			);
			name = Products;
			sourceTree = "<group>";
		};
		4F806BA224467BAB002557B7 /* FirstClass */ = {
			isa = PBXGroup;
			children = (
				4F806BA324467BAB002557B7 /* AppDelegate.swift */,
				4F806BA524467BAB002557B7 /* SceneDelegate.swift */,
				4F806BA724467BAB002557B7 /* ViewController.swift */,
				4F806BA924467BAB002557B7 /* Main.storyboard */,
				4F806BAC24467BAC002557B7 /* Assets.xcassets */,
				4F806BAE24467BAC002557B7 /* LaunchScreen.storyboard */,
				4F806BB124467BAC002557B7 /* Info.plist */,
			);
			path = FirstClass;
			sourceTree = "<group>";
		};
		4F806BB924467BAC002557B7 /* FirstClassTests */ = {
			isa = PBXGroup;
			children = (
				4F806BBA24467BAC002557B7 /* FirstClassTests.swift */,
				4F806BBC24467BAC002557B7 /* Info.plist */,
			);
			path = FirstClassTests;
			sourceTree = "<group>";
		};
		4F806BC424467BAC002557B7 /* FirstClassUITests */ = {
			isa = PBXGroup;
			children = (
				4F806BC524467BAC002557B7 /* FirstClassUITests.swift */,
				4F806BC724467BAC002557B7 /* Info.plist */,
			);
			path = FirstClassUITests;
			sourceTree = "<group>";
		};
/* End PBXGroup section */

/* Begin PBXNativeTarget section */
		4F806B9F24467BAB002557B7 /* FirstClass */ = {
			isa = PBXNativeTarget;
			buildConfigurationList = 4F806BCA24467BAC002557B7 /* Build configuration list for PBXNativeTarget "FirstClass" */;
			buildPhases = (
				4F806B9C24467BAB002557B7 /* Sources */,
				4F806B9D24467BAB002557B7 /* Frameworks */,
				4F806B9E24467BAB002557B7 /* Resources */,
			);
			buildRules = (
			);
			dependencies = (
			);
			name = FirstClass;
			productName = FirstClass;
			productReference = 4F806BA024467BAB002557B7 /* FirstClass.app */;
			productType = "com.apple.product-type.application";
		};
		4F806BB524467BAC002557B7 /* FirstClassTests */ = {
			isa = PBXNativeTarget;
			buildConfigurationList = 4F806BCD24467BAC002557B7 /* Build configuration list for PBXNativeTarget "FirstClassTests" */;
			buildPhases = (
				4F806BB224467BAC002557B7 /* Sources */,
				4F806BB324467BAC002557B7 /* Frameworks */,
				4F806BB424467BAC002557B7 /* Resources */,
			);
			buildRules = (
			);
			dependencies = (
				4F806BB824467BAC002557B7 /* PBXTargetDependency */,
			);
			name = FirstClassTests;
			productName = FirstClassTests;
			productReference = 4F806BB624467BAC002557B7 /* FirstClassTests.xctest */;
			productType = "com.apple.product-type.bundle.unit-test";
		};
		4F806BC024467BAC002557B7 /* FirstClassUITests */ = {
			isa = PBXNativeTarget;
			buildConfigurationList = 4F806BD024467BAC002557B7 /* Build configuration list for PBXNativeTarget "FirstClassUITests" */;
			buildPhases = (
				4F806BBD24467BAC002557B7 /* Sources */,
				4F806BBE24467BAC002557B7 /* Frameworks */,
				4F806BBF24467BAC002557B7 /* Resources */,
			);
			buildRules = (
			);
			dependencies = (
				4F806BC324467BAC002557B7 /* PBXTargetDependency */,
			);
			name = FirstClassUITests;
			productName = FirstClassUITests;
			productReference = 4F806BC124467BAC002557B7 /* FirstClassUITests.xctest */;
			productType = "com.apple.product-type.bundle.ui-testing";
		};
/* End PBXNativeTarget section */

/* Begin PBXProject section */
		4F806B9824467BAB002557B7 /* Project object */ = {
			isa = PBXProject;
			attributes = {
				LastSwiftUpdateCheck = 1140;
				LastUpgradeCheck = 1140;
				ORGANIZATIONNAME = Daniel;
				TargetAttributes = {
					4F806B9F24467BAB002557B7 = {
						CreatedOnToolsVersion = 11.4;
					};
					4F806BB524467BAC002557B7 = {
						CreatedOnToolsVersion = 11.4;
						TestTargetID = 4F806B9F24467BAB002557B7;
					};
					4F806BC024467BAC002557B7 = {
						CreatedOnToolsVersion = 11.4;
						TestTargetID = 4F806B9F24467BAB002557B7;
					};
				};
			};
			buildConfigurationList = 4F806B9B24467BAB002557B7 /* Build configuration list for PBXProject "FirstClass" */;
			compatibilityVersion = "Xcode 9.3";
			developmentRegion = en;
			hasScannedForEncodings = 0;
			knownRegions = (
				en,
				Base,
			);
			mainGroup = 4F806B9724467BAB002557B7;
			productRefGroup = 4F806BA124467BAB002557B7 /* Products */;
			projectDirPath = "";
			projectRoot = "";
			targets = (
				4F806B9F24467BAB002557B7 /* FirstClass */,
				4F806BB524467BAC002557B7 /* FirstClassTests */,
				4F806BC024467BAC002557B7 /* FirstClassUITests */,
			);
		};
/* End PBXProject section */

/* Begin PBXResourcesBuildPhase section */
		4F806B9E24467BAB002557B7 /* Resources */ = {
			isa = PBXResourcesBuildPhase;
			buildActionMask = 2147483647;
			files = (
				4F806BB024467BAC002557B7 /* LaunchScreen.storyboard in Resources */,
				4F806BAD24467BAC002557B7 /* Assets.xcassets in Resources */,
				4F806BAB24467BAB002557B7 /* Main.storyboard in Resources */,
			);
			runOnlyForDeploymentPostprocessing = 0;
		};
		4F806BB424467BAC002557B7 /* Resources */ = {
			isa = PBXResourcesBuildPhase;
			buildActionMask = 2147483647;
			files = (
			);
			runOnlyForDeploymentPostprocessing = 0;
		};
		4F806BBF24467BAC002557B7 /* Resources */ = {
			isa = PBXResourcesBuildPhase;
			buildActionMask = 2147483647;
			files = (
			);
			runOnlyForDeploymentPostprocessing = 0;
		};
/* End PBXResourcesBuildPhase section */

/* Begin PBXSourcesBuildPhase section */
		4F806B9C24467BAB002557B7 /* Sources */ = {
			isa = PBXSourcesBuildPhase;
			buildActionMask = 2147483647;
			files = (
				4F806BA824467BAB002557B7 /* ViewController.swift in Sources */,
				4F806BA424467BAB002557B7 /* AppDelegate.swift in Sources */,
				4F806BA624467BAB002557B7 /* SceneDelegate.swift in Sources */,
			);
			runOnlyForDeploymentPostprocessing = 0;
		};
		4F806BB224467BAC002557B7 /* Sources */ = {
			isa = PBXSourcesBuildPhase;
			buildActionMask = 2147483647;
			files = (
				4F806BBB24467BAC002557B7 /* FirstClassTests.swift in Sources */,
			);
			runOnlyForDeploymentPostprocessing = 0;
		};
		4F806BBD24467BAC002557B7 /* Sources */ = {
			isa = PBXSourcesBuildPhase;
			buildActionMask = 2147483647;
			files = (
				4F806BC624467BAC002557B7 /* FirstClassUITests.swift in Sources */,
			);
			runOnlyForDeploymentPostprocessing = 0;
		};
/* End PBXSourcesBuildPhase section */

/* Begin PBXTargetDependency section */
		4F806BB824467BAC002557B7 /* PBXTargetDependency */ = {
			isa = PBXTargetDependency;
			target = 4F806B9F24467BAB002557B7 /* FirstClass */;
			targetProxy = 4F806BB724467BAC002557B7 /* PBXContainerItemProxy */;
		};
		4F806BC324467BAC002557B7 /* PBXTargetDependency */ = {
			isa = PBXTargetDependency;
			target = 4F806B9F24467BAB002557B7 /* FirstClass */;
			targetProxy = 4F806BC224467BAC002557B7 /* PBXContainerItemProxy */;
		};
/* End PBXTargetDependency section */

/* Begin PBXVariantGroup section */
		4F806BA924467BAB002557B7 /* Main.storyboard */ = {
			isa = PBXVariantGroup;
			children = (
				4F806BAA24467BAB002557B7 /* Base */,
			);
			name = Main.storyboard;
			sourceTree = "<group>";
		};
		4F806BAE24467BAC002557B7 /* LaunchScreen.storyboard */ = {
			isa = PBXVariantGroup;
			children = (
				4F806BAF24467BAC002557B7 /* Base */,
			);
			name = LaunchScreen.storyboard;
			sourceTree = "<group>";
		};
/* End PBXVariantGroup section */

/* Begin XCBuildConfiguration section */
		4F806BC824467BAC002557B7 /* Debug */ = {
			isa = XCBuildConfiguration;
			buildSettings = {
				ALWAYS_SEARCH_USER_PATHS = NO;
				CLANG_ANALYZER_NONNULL = YES;
				CLANG_ANALYZER_NUMBER_OBJECT_CONVERSION = YES_AGGRESSIVE;
				CLANG_CXX_LANGUAGE_STANDARD = "gnu++14";
				CLANG_CXX_LIBRARY = "libc++";
				CLANG_ENABLE_MODULES = YES;
				CLANG_ENABLE_OBJC_ARC = YES;
				CLANG_ENABLE_OBJC_WEAK = YES;
				CLANG_WARN_BLOCK_CAPTURE_AUTORELEASING = YES;
				CLANG_WARN_BOOL_CONVERSION = YES;
				CLANG_WARN_COMMA = YES;
				CLANG_WARN_CONSTANT_CONVERSION = YES;
				CLANG_WARN_DEPRECATED_OBJC_IMPLEMENTATIONS = YES;
				CLANG_WARN_DIRECT_OBJC_ISA_USAGE = YES_ERROR;
				CLANG_WARN_DOCUMENTATION_COMMENTS = YES;
				CLANG_WARN_EMPTY_BODY = YES;
				CLANG_WARN_ENUM_CONVERSION = YES;
				CLANG_WARN_INFINITE_RECURSION = YES;
				CLANG_WARN_INT_CONVERSION = YES;
				CLANG_WARN_NON_LITERAL_NULL_CONVERSION = YES;
				CLANG_WARN_OBJC_IMPLICIT_RETAIN_SELF = YES;
				CLANG_WARN_OBJC_LITERAL_CONVERSION = YES;
				CLANG_WARN_OBJC_ROOT_CLASS = YES_ERROR;
				CLANG_WARN_RANGE_LOOP_ANALYSIS = YES;
				CLANG_WARN_STRICT_PROTOTYPES = YES;
				CLANG_WARN_SUSPICIOUS_MOVE = YES;
				CLANG_WARN_UNGUARDED_AVAILABILITY = YES_AGGRESSIVE;
				CLANG_WARN_UNREACHABLE_CODE = YES;
				CLANG_WARN__DUPLICATE_METHOD_MATCH = YES;
				COPY_PHASE_STRIP = NO;
				DEBUG_INFORMATION_FORMAT = dwarf;
				ENABLE_STRICT_OBJC_MSGSEND = YES;
				ENABLE_TESTABILITY = YES;
				GCC_C_LANGUAGE_STANDARD = gnu11;
				GCC_DYNAMIC_NO_PIC = NO;
				GCC_NO_COMMON_BLOCKS = YES;
				GCC_OPTIMIZATION_LEVEL = 0;
				GCC_PREPROCESSOR_DEFINITIONS = (
					"DEBUG=1",
					"$(inherited)",
				);
				GCC_WARN_64_TO_32_BIT_CONVERSION = YES;
				GCC_WARN_ABOUT_RETURN_TYPE = YES_ERROR;
				GCC_WARN_UNDECLARED_SELECTOR = YES;
				GCC_WARN_UNINITIALIZED_AUTOS = YES_AGGRESSIVE;
				GCC_WARN_UNUSED_FUNCTION = YES;
				GCC_WARN_UNUSED_VARIABLE = YES;
				IPHONEOS_DEPLOYMENT_TARGET = 13.4;
				MTL_ENABLE_DEBUG_INFO = INCLUDE_SOURCE;
				MTL_FAST_MATH = YES;
				ONLY_ACTIVE_ARCH = YES;
				SDKROOT = iphoneos;
				SWIFT_ACTIVE_COMPILATION_CONDITIONS = DEBUG;
				SWIFT_OPTIMIZATION_LEVEL = "-Onone";
			};
			name = Debug;
		};
		4F806BC924467BAC002557B7 /* Release */ = {
			isa = XCBuildConfiguration;
			buildSettings = {
				ALWAYS_SEARCH_USER_PATHS = NO;
				CLANG_ANALYZER_NONNULL = YES;
				CLANG_ANALYZER_NUMBER_OBJECT_CONVERSION = YES_AGGRESSIVE;
				CLANG_CXX_LANGUAGE_STANDARD = "gnu++14";
				CLANG_CXX_LIBRARY = "libc++";
				CLANG_ENABLE_MODULES = YES;
				CLANG_ENABLE_OBJC_ARC = YES;
				CLANG_ENABLE_OBJC_WEAK = YES;
				CLANG_WARN_BLOCK_CAPTURE_AUTORELEASING = YES;
				CLANG_WARN_BOOL_CONVERSION = YES;
				CLANG_WARN_COMMA = YES;
				CLANG_WARN_CONSTANT_CONVERSION = YES;
				CLANG_WARN_DEPRECATED_OBJC_IMPLEMENTATIONS = YES;
				CLANG_WARN_DIRECT_OBJC_ISA_USAGE = YES_ERROR;
				CLANG_WARN_DOCUMENTATION_COMMENTS = YES;
				CLANG_WARN_EMPTY_BODY = YES;
				CLANG_WARN_ENUM_CONVERSION = YES;
				CLANG_WARN_INFINITE_RECURSION = YES;
				CLANG_WARN_INT_CONVERSION = YES;
				CLANG_WARN_NON_LITERAL_NULL_CONVERSION = YES;
				CLANG_WARN_OBJC_IMPLICIT_RETAIN_SELF = YES;
				CLANG_WARN_OBJC_LITERAL_CONVERSION = YES;
				CLANG_WARN_OBJC_ROOT_CLASS = YES_ERROR;
				CLANG_WARN_RANGE_LOOP_ANALYSIS = YES;
				CLANG_WARN_STRICT_PROTOTYPES = YES;
				CLANG_WARN_SUSPICIOUS_MOVE = YES;
				CLANG_WARN_UNGUARDED_AVAILABILITY = YES_AGGRESSIVE;
				CLANG_WARN_UNREACHABLE_CODE = YES;
				CLANG_WARN__DUPLICATE_METHOD_MATCH = YES;
				COPY_PHASE_STRIP = NO;
				DEBUG_INFORMATION_FORMAT = "dwarf-with-dsym";
				ENABLE_NS_ASSERTIONS = NO;
				ENABLE_STRICT_OBJC_MSGSEND = YES;
				GCC_C_LANGUAGE_STANDARD = gnu11;
				GCC_NO_COMMON_BLOCKS = YES;
				GCC_WARN_64_TO_32_BIT_CONVERSION = YES;
				GCC_WARN_ABOUT_RETURN_TYPE = YES_ERROR;
				GCC_WARN_UNDECLARED_SELECTOR = YES;
				GCC_WARN_UNINITIALIZED_AUTOS = YES_AGGRESSIVE;
				GCC_WARN_UNUSED_FUNCTION = YES;
				GCC_WARN_UNUSED_VARIABLE = YES;
				IPHONEOS_DEPLOYMENT_TARGET = 13.4;
				MTL_ENABLE_DEBUG_INFO = NO;
				MTL_FAST_MATH = YES;
				SDKROOT = iphoneos;
				SWIFT_COMPILATION_MODE = wholemodule;
				SWIFT_OPTIMIZATION_LEVEL = "-O";
				VALIDATE_PRODUCT = YES;
			};
			name = Release;
		};
		4F806BCB24467BAC002557B7 /* Debug */ = {
			isa = XCBuildConfiguration;
			buildSettings = {
				ASSETCATALOG_COMPILER_APPICON_NAME = AppIcon;
				CODE_SIGN_STYLE = Automatic;
				INFOPLIST_FILE = FirstClass/Info.plist;
				LD_RUNPATH_SEARCH_PATHS = (
					"$(inherited)",
					"@executable_path/Frameworks",
				);
				PRODUCT_BUNDLE_IDENTIFIER = Class.FirstClass;
				PRODUCT_NAME = "$(TARGET_NAME)";
				SWIFT_VERSION = 5.0;
				TARGETED_DEVICE_FAMILY = "1,2";
			};
			name = Debug;
		};
		4F806BCC24467BAC002557B7 /* Release */ = {
			isa = XCBuildConfiguration;
			buildSettings = {
				ASSETCATALOG_COMPILER_APPICON_NAME = AppIcon;
				CODE_SIGN_STYLE = Automatic;
				INFOPLIST_FILE = FirstClass/Info.plist;
				LD_RUNPATH_SEARCH_PATHS = (
					"$(inherited)",
					"@executable_path/Frameworks",
				);
				PRODUCT_BUNDLE_IDENTIFIER = Class.FirstClass;
				PRODUCT_NAME = "$(TARGET_NAME)";
				SWIFT_VERSION = 5.0;
				TARGETED_DEVICE_FAMILY = "1,2";
			};
			name = Release;
		};
		4F806BCE24467BAC002557B7 /* Debug */ = {
			isa = XCBuildConfiguration;
			buildSettings = {
				ALWAYS_EMBED_SWIFT_STANDARD_LIBRARIES = YES;
				BUNDLE_LOADER = "$(TEST_HOST)";
				CODE_SIGN_STYLE = Automatic;
				INFOPLIST_FILE = FirstClassTests/Info.plist;
				IPHONEOS_DEPLOYMENT_TARGET = 13.4;
				LD_RUNPATH_SEARCH_PATHS = (
					"$(inherited)",
					"@executable_path/Frameworks",
					"@loader_path/Frameworks",
				);
				PRODUCT_BUNDLE_IDENTIFIER = Class.FirstClassTests;
				PRODUCT_NAME = "$(TARGET_NAME)";
				SWIFT_VERSION = 5.0;
				TARGETED_DEVICE_FAMILY = "1,2";
				TEST_HOST = "$(BUILT_PRODUCTS_DIR)/FirstClass.app/FirstClass";
			};
			name = Debug;
		};
		4F806BCF24467BAC002557B7 /* Release */ = {
			isa = XCBuildConfiguration;
			buildSettings = {
				ALWAYS_EMBED_SWIFT_STANDARD_LIBRARIES = YES;
				BUNDLE_LOADER = "$(TEST_HOST)";
				CODE_SIGN_STYLE = Automatic;
				INFOPLIST_FILE = FirstClassTests/Info.plist;
				IPHONEOS_DEPLOYMENT_TARGET = 13.4;
				LD_RUNPATH_SEARCH_PATHS = (
					"$(inherited)",
					"@executable_path/Frameworks",
					"@loader_path/Frameworks",
				);
				PRODUCT_BUNDLE_IDENTIFIER = Class.FirstClassTests;
				PRODUCT_NAME = "$(TARGET_NAME)";
				SWIFT_VERSION = 5.0;
				TARGETED_DEVICE_FAMILY = "1,2";
				TEST_HOST = "$(BUILT_PRODUCTS_DIR)/FirstClass.app/FirstClass";
			};
			name = Release;
		};
		4F806BD124467BAC002557B7 /* Debug */ = {
			isa = XCBuildConfiguration;
			buildSettings = {
				ALWAYS_EMBED_SWIFT_STANDARD_LIBRARIES = YES;
				CODE_SIGN_STYLE = Automatic;
				INFOPLIST_FILE = FirstClassUITests/Info.plist;
				LD_RUNPATH_SEARCH_PATHS = (
					"$(inherited)",
					"@executable_path/Frameworks",
					"@loader_path/Frameworks",
				);
				PRODUCT_BUNDLE_IDENTIFIER = Class.FirstClassUITests;
				PRODUCT_NAME = "$(TARGET_NAME)";
				SWIFT_VERSION = 5.0;
				TARGETED_DEVICE_FAMILY = "1,2";
				TEST_TARGET_NAME = FirstClass;
			};
			name = Debug;
		};
		4F806BD224467BAC002557B7 /* Release */ = {
			isa = XCBuildConfiguration;
			buildSettings = {
				ALWAYS_EMBED_SWIFT_STANDARD_LIBRARIES = YES;
				CODE_SIGN_STYLE = Automatic;
				INFOPLIST_FILE = FirstClassUITests/Info.plist;
				LD_RUNPATH_SEARCH_PATHS = (
					"$(inherited)",
					"@executable_path/Frameworks",
					"@loader_path/Frameworks",
				);
				PRODUCT_BUNDLE_IDENTIFIER = Class.FirstClassUITests;
				PRODUCT_NAME = "$(TARGET_NAME)";
				SWIFT_VERSION = 5.0;
				TARGETED_DEVICE_FAMILY = "1,2";
				TEST_TARGET_NAME = FirstClass;
			};
			name = Release;
		};
/* End XCBuildConfiguration section */

/* Begin XCConfigurationList section */
		4F806B9B24467BAB002557B7 /* Build configuration list for PBXProject "FirstClass" */ = {
			isa = XCConfigurationList;
			buildConfigurations = (
				4F806BC824467BAC002557B7 /* Debug */,
				4F806BC924467BAC002557B7 /* Release */,
			);
			defaultConfigurationIsVisible = 0;
			defaultConfigurationName = Release;
		};
		4F806BCA24467BAC002557B7 /* Build configuration list for PBXNativeTarget "FirstClass" */ = {
			isa = XCConfigurationList;
			buildConfigurations = (
				4F806BCB24467BAC002557B7 /* Debug */,
				4F806BCC24467BAC002557B7 /* Release */,
			);
			defaultConfigurationIsVisible = 0;
			defaultConfigurationName = Release;
		};
		4F806BCD24467BAC002557B7 /* Build configuration list for PBXNativeTarget "FirstClassTests" */ = {
			isa = XCConfigurationList;
			buildConfigurations = (
				4F806BCE24467BAC002557B7 /* Debug */,
				4F806BCF24467BAC002557B7 /* Release */,
			);
			defaultConfigurationIsVisible = 0;
			defaultConfigurationName = Release;
		};
		4F806BD024467BAC002557B7 /* Build configuration list for PBXNativeTarget "FirstClassUITests" */ = {
			isa = XCConfigurationList;
			buildConfigurations = (
				4F806BD124467BAC002557B7 /* Debug */,
				4F806BD224467BAC002557B7 /* Release */,
			);
			defaultConfigurationIsVisible = 0;
			defaultConfigurationName = Release;
		};
/* End XCConfigurationList section */
	};
	rootObject = 4F806B9824467BAB002557B7 /* Project object */;
}
